
Microsoft Visual Studio Solution File, Format Version 12.00
# Visual Studio Version 16
VisualStudioVersion = 16.0.30523.141
MinimumVisualStudioVersion = 10.0.40219.1
Project("{9A19103F-16F7-4668-BE54-9A1E7A4F7556}") = "CalculatorProject", "CalculatorProject\CalculatorProject.csproj", "{569C8D71-5F97-4FCF-9EE9-4669BAFF4908}"
EndProject
Project("{FAE04EC0-301F-11D3-BF4B-00C04F79EFBC}") = "CalculatorTest", "CalculatorTest\CalculatorTest.csproj", "{0CAD38BE-5D8E-472C-A0B0-9030346A60DB}"
EndProject
Global
	GlobalSection(SolutionConfigurationPlatforms) = preSolution
		Debug|Any CPU = Debug|Any CPU
		Release|Any CPU = Release|Any CPU
	EndGlobalSection
	GlobalSection(ProjectConfigurationPlatforms) = postSolution
		{569C8D71-5F97-4FCF-9EE9-4669BAFF4908}.Debug|Any CPU.ActiveCfg = Debug|Any CPU
		{569C8D71-5F97-4FCF-9EE9-4669BAFF4908}.Debug|Any CPU.Build.0 = Debug|Any CPU
		{569C8D71-5F97-4FCF-9EE9-4669BAFF4908}.Release|Any CPU.ActiveCfg = Release|Any CPU
		{569C8D71-5F97-4FCF-9EE9-4669BAFF4908}.Release|Any CPU.Build.0 = Release|Any CPU
		{0CAD38BE-5D8E-472C-A0B0-9030346A60DB}.Debug|Any CPU.ActiveCfg = Debug|Any CPU
		{0CAD38BE-5D8E-472C-A0B0-9030346A60DB}.Debug|Any CPU.Build.0 = Debug|Any CPU
		{0CAD38BE-5D8E-472C-A0B0-9030346A60DB}.Release|Any CPU.ActiveCfg = Release|Any CPU
		{0CAD38BE-5D8E-472C-A0B0-9030346A60DB}.Release|Any CPU.Build.0 = Release|Any CPU
	EndGlobalSection
	GlobalSection(SolutionProperties) = preSolution
		HideSolutionNode = FALSE
	EndGlobalSection
	GlobalSection(ExtensibilityGlobals) = postSolution
		SolutionGuid = {5871091C-FE11-4550-8E99-E1AD9D9D4BAE}
	EndGlobalSection
EndGlobal
